
Microsoft Visual Studio Solution File, Format Version 12.00
# Visual Studio Version 17
VisualStudioVersion = 17.7.34031.279
MinimumVisualStudioVersion = 10.0.40219.1
Project("{8BC9CEB8-8B4A-11D0-8D11-00A0C91BC942}") = "АСД_ЛАБ_5", "АСД_ЛАБ_5\АСД_ЛАБ_5.vcxproj", "{1930CEC1-A4BD-4556-BE51-922A0BFA2E20}"
EndProject
Global
	GlobalSection(SolutionConfigurationPlatforms) = preSolution
		Debug|x64 = Debug|x64
		Debug|x86 = Debug|x86
		Release|x64 = Release|x64
		Release|x86 = Release|x86
	EndGlobalSection
	GlobalSection(ProjectConfigurationPlatforms) = postSolution
		{1930CEC1-A4BD-4556-BE51-922A0BFA2E20}.Debug|x64.ActiveCfg = Debug|x64
		{1930CEC1-A4BD-4556-BE51-922A0BFA2E20}.Debug|x64.Build.0 = Debug|x64
		{1930CEC1-A4BD-4556-BE51-922A0BFA2E20}.Debug|x86.ActiveCfg = Debug|Win32
		{1930CEC1-A4BD-4556-BE51-922A0BFA2E20}.Debug|x86.Build.0 = Debug|Win32
		{1930CEC1-A4BD-4556-BE51-922A0BFA2E20}.Release|x64.ActiveCfg = Release|x64
		{1930CEC1-A4BD-4556-BE51-922A0BFA2E20}.Release|x64.Build.0 = Release|x64
		{1930CEC1-A4BD-4556-BE51-922A0BFA2E20}.Release|x86.ActiveCfg = Release|Win32
		{1930CEC1-A4BD-4556-BE51-922A0BFA2E20}.Release|x86.Build.0 = Release|Win32
	EndGlobalSection
	GlobalSection(SolutionProperties) = preSolution
		HideSolutionNode = FALSE
	EndGlobalSection
	GlobalSection(ExtensibilityGlobals) = postSolution
		SolutionGuid = {1B91E4B4-1C9E-4102-97D3-F95C3D8CE220}
	EndGlobalSection
EndGlobal
